
Microsoft Visual Studio Solution File, Format Version 12.00
# Visual Studio Version 16
VisualStudioVersion = 16.0.29728.190
MinimumVisualStudioVersion = 10.0.40219.1
Project("{9A19103F-16F7-4668-BE54-9A1E7A4F7556}") = "Pokemans", "Pokemans\Pokemans.csproj", "{03567BB9-B07A-4BCA-A98F-69AFF321FCF7}"
EndProject
Global
	GlobalSection(SolutionConfigurationPlatforms) = preSolution
		Debug|Any CPU = Debug|Any CPU
		Release|Any CPU = Release|Any CPU
	EndGlobalSection
	GlobalSection(ProjectConfigurationPlatforms) = postSolution
		{03567BB9-B07A-4BCA-A98F-69AFF321FCF7}.Debug|Any CPU.ActiveCfg = Debug|Any CPU
		{03567BB9-B07A-4BCA-A98F-69AFF321FCF7}.Debug|Any CPU.Build.0 = Debug|Any CPU
		{03567BB9-B07A-4BCA-A98F-69AFF321FCF7}.Release|Any CPU.ActiveCfg = Release|Any CPU
		{03567BB9-B07A-4BCA-A98F-69AFF321FCF7}.Release|Any CPU.Build.0 = Release|Any CPU
	EndGlobalSection
	GlobalSection(SolutionProperties) = preSolution
		HideSolutionNode = FALSE
	EndGlobalSection
	GlobalSection(ExtensibilityGlobals) = postSolution
		SolutionGuid = {005D8CDA-6EA4-4995-879D-A9F5CCDAE713}
	EndGlobalSection
EndGlobal
